
Microsoft Visual Studio Solution File, Format Version 12.00
# Visual Studio Version 16
VisualStudioVersion = 16.0.31613.86
MinimumVisualStudioVersion = 10.0.40219.1
Project("{FAE04EC0-301F-11D3-BF4B-00C04F79EFBC}") = "cloudexample", "cloudexample.csproj", "{9A4CE947-7026-4E5F-A18F-4C6AF4AB45AD}"
EndProject
Global
	GlobalSection(SolutionConfigurationPlatforms) = preSolution
		Debug|Any CPU = Debug|Any CPU
		Release|Any CPU = Release|Any CPU
	EndGlobalSection
	GlobalSection(ProjectConfigurationPlatforms) = postSolution
		{9A4CE947-7026-4E5F-A18F-4C6AF4AB45AD}.Debug|Any CPU.ActiveCfg = Debug|Any CPU
		{9A4CE947-7026-4E5F-A18F-4C6AF4AB45AD}.Debug|Any CPU.Build.0 = Debug|Any CPU
		{9A4CE947-7026-4E5F-A18F-4C6AF4AB45AD}.Release|Any CPU.ActiveCfg = Release|Any CPU
		{9A4CE947-7026-4E5F-A18F-4C6AF4AB45AD}.Release|Any CPU.Build.0 = Release|Any CPU
	EndGlobalSection
	GlobalSection(SolutionProperties) = preSolution
		HideSolutionNode = FALSE
	EndGlobalSection
	GlobalSection(ExtensibilityGlobals) = postSolution
		SolutionGuid = {058302AD-F8FE-42E2-8C56-5F1A488D6DEC}
	EndGlobalSection
EndGlobal
